
Microsoft Visual Studio Solution File, Format Version 10.00
# Visual Studio 2008
Project("{D2ABAB84-BF74-430A-B69E-9DC6D40DDA17}") = "VentasPR4", "VentasPR4\VentasPR4.dwproj", "{7C0F6E09-99C4-435B-975F-7F59FDC9FC45}"
EndProject
Global
	GlobalSection(SolutionConfigurationPlatforms) = preSolution
		Development|Default = Development|Default
	EndGlobalSection
	GlobalSection(ProjectConfigurationPlatforms) = postSolution
		{7C0F6E09-99C4-435B-975F-7F59FDC9FC45}.Development|Default.ActiveCfg = Development
		{7C0F6E09-99C4-435B-975F-7F59FDC9FC45}.Development|Default.Build.0 = Development
		{7C0F6E09-99C4-435B-975F-7F59FDC9FC45}.Development|Default.Deploy.0 = Development
	EndGlobalSection
	GlobalSection(SolutionProperties) = preSolution
		HideSolutionNode = FALSE
	EndGlobalSection
EndGlobal
